
Microsoft Visual Studio Solution File, Format Version 12.00
# Visual Studio Version 17
VisualStudioVersion = 17.12.35514.174 d17.12
MinimumVisualStudioVersion = 10.0.40219.1
Project("{FAE04EC0-301F-11D3-BF4B-00C04F79EFBC}") = "ejemplo-web", "ejemplo-web\ejemplo-web.csproj", "{AD942030-FE2A-4FB2-888A-7F2F8B5F619F}"
EndProject
Project("{FAE04EC0-301F-11D3-BF4B-00C04F79EFBC}") = "Dominio", "Dominio\Dominio.csproj", "{E0CCA2B7-3597-47F4-9C2D-5916371C6097}"
EndProject
Global
	GlobalSection(SolutionConfigurationPlatforms) = preSolution
		Debug|Any CPU = Debug|Any CPU
		Release|Any CPU = Release|Any CPU
	EndGlobalSection
	GlobalSection(ProjectConfigurationPlatforms) = postSolution
		{AD942030-FE2A-4FB2-888A-7F2F8B5F619F}.Debug|Any CPU.ActiveCfg = Debug|Any CPU
		{AD942030-FE2A-4FB2-888A-7F2F8B5F619F}.Debug|Any CPU.Build.0 = Debug|Any CPU
		{AD942030-FE2A-4FB2-888A-7F2F8B5F619F}.Release|Any CPU.ActiveCfg = Release|Any CPU
		{AD942030-FE2A-4FB2-888A-7F2F8B5F619F}.Release|Any CPU.Build.0 = Release|Any CPU
		{E0CCA2B7-3597-47F4-9C2D-5916371C6097}.Debug|Any CPU.ActiveCfg = Debug|Any CPU
		{E0CCA2B7-3597-47F4-9C2D-5916371C6097}.Debug|Any CPU.Build.0 = Debug|Any CPU
		{E0CCA2B7-3597-47F4-9C2D-5916371C6097}.Release|Any CPU.ActiveCfg = Release|Any CPU
		{E0CCA2B7-3597-47F4-9C2D-5916371C6097}.Release|Any CPU.Build.0 = Release|Any CPU
	EndGlobalSection
	GlobalSection(SolutionProperties) = preSolution
		HideSolutionNode = FALSE
	EndGlobalSection
EndGlobal
